// !$*UTF8*$!
{
	archiveVersion = 1;
	classes = {
	};
	objectVersion = 48;
	objects = {

/* Begin PBXBuildFile section */
		4E4ED3AF207AB61C007E9C0D /* AppDelegate.swift in Sources */ = {isa = PBXBuildFile; fileRef = 4E4ED3AE207AB61C007E9C0D /* AppDelegate.swift */; };
		4E4ED3B1207AB61C007E9C0D /* ViewController.swift in Sources */ = {isa = PBXBuildFile; fileRef = 4E4ED3B0207AB61C007E9C0D /* ViewController.swift */; };
		4E4ED3B4207AB61C007E9C0D /* Main.storyboard in Resources */ = {isa = PBXBuildFile; fileRef = 4E4ED3B2207AB61C007E9C0D /* Main.storyboard */; };
		4E4ED3B6207AB61C007E9C0D /* Assets.xcassets in Resources */ = {isa = PBXBuildFile; fileRef = 4E4ED3B5207AB61C007E9C0D /* Assets.xcassets */; };
		4E4ED3B9207AB61C007E9C0D /* LaunchScreen.storyboard in Resources */ = {isa = PBXBuildFile; fileRef = 4E4ED3B7207AB61C007E9C0D /* LaunchScreen.storyboard */; };
		4E4ED3C4207AB61C007E9C0D /* Magic8BallTests.swift in Sources */ = {isa = PBXBuildFile; fileRef = 4E4ED3C3207AB61C007E9C0D /* Magic8BallTests.swift */; };
		4E4ED3CF207AB61C007E9C0D /* Magic8BallUITests.swift in Sources */ = {isa = PBXBuildFile; fileRef = 4E4ED3CE207AB61C007E9C0D /* Magic8BallUITests.swift */; };
/* End PBXBuildFile section */

/* Begin PBXContainerItemProxy section */
		4E4ED3C0207AB61C007E9C0D /* PBXContainerItemProxy */ = {
			isa = PBXContainerItemProxy;
			containerPortal = 4E4ED3A3207AB61C007E9C0D /* Project object */;
			proxyType = 1;
			remoteGlobalIDString = 4E4ED3AA207AB61C007E9C0D;
			remoteInfo = Magic8Ball;
		};
		4E4ED3CB207AB61C007E9C0D /* PBXContainerItemProxy */ = {
			isa = PBXContainerItemProxy;
			containerPortal = 4E4ED3A3207AB61C007E9C0D /* Project object */;
			proxyType = 1;
			remoteGlobalIDString = 4E4ED3AA207AB61C007E9C0D;
			remoteInfo = Magic8Ball;
		};
/* End PBXContainerItemProxy section */

/* Begin PBXFileReference section */
		4E4ED3AB207AB61C007E9C0D /* Magic8Ball.app */ = {isa = PBXFileReference; explicitFileType = wrapper.application; includeInIndex = 0; path = Magic8Ball.app; sourceTree = BUILT_PRODUCTS_DIR; };
		4E4ED3AE207AB61C007E9C0D /* AppDelegate.swift */ = {isa = PBXFileReference; lastKnownFileType = sourcecode.swift; path = AppDelegate.swift; sourceTree = "<group>"; };
		4E4ED3B0207AB61C007E9C0D /* ViewController.swift */ = {isa = PBXFileReference; lastKnownFileType = sourcecode.swift; path = ViewController.swift; sourceTree = "<group>"; };
		4E4ED3B3207AB61C007E9C0D /* Base */ = {isa = PBXFileReference; lastKnownFileType = file.storyboard; name = Base; path = Base.lproj/Main.storyboard; sourceTree = "<group>"; };
		4E4ED3B5207AB61C007E9C0D /* Assets.xcassets */ = {isa = PBXFileReference; lastKnownFileType = folder.assetcatalog; path = Assets.xcassets; sourceTree = "<group>"; };
		4E4ED3B8207AB61C007E9C0D /* Base */ = {isa = PBXFileReference; lastKnownFileType = file.storyboard; name = Base; path = Base.lproj/LaunchScreen.storyboard; sourceTree = "<group>"; };
		4E4ED3BA207AB61C007E9C0D /* Info.plist */ = {isa = PBXFileReference; lastKnownFileType = text.plist.xml; path = Info.plist; sourceTree = "<group>"; };
		4E4ED3BF207AB61C007E9C0D /* Magic8BallTests.xctest */ = {isa = PBXFileReference; explicitFileType = wrapper.cfbundle; includeInIndex = 0; path = Magic8BallTests.xctest; sourceTree = BUILT_PRODUCTS_DIR; };
		4E4ED3C3207AB61C007E9C0D /* Magic8BallTests.swift */ = {isa = PBXFileReference; lastKnownFileType = sourcecode.swift; path = Magic8BallTests.swift; sourceTree = "<group>"; };
		4E4ED3C5207AB61C007E9C0D /* Info.plist */ = {isa = PBXFileReference; lastKnownFileType = text.plist.xml; path = Info.plist; sourceTree = "<group>"; };
		4E4ED3CA207AB61C007E9C0D /* Magic8BallUITests.xctest */ = {isa = PBXFileReference; explicitFileType = wrapper.cfbundle; includeInIndex = 0; path = Magic8BallUITests.xctest; sourceTree = BUILT_PRODUCTS_DIR; };
		4E4ED3CE207AB61C007E9C0D /* Magic8BallUITests.swift */ = {isa = PBXFileReference; lastKnownFileType = sourcecode.swift; path = Magic8BallUITests.swift; sourceTree = "<group>"; };
		4E4ED3D0207AB61C007E9C0D /* Info.plist */ = {isa = PBXFileReference; lastKnownFileType = text.plist.xml; path = Info.plist; sourceTree = "<group>"; };
/* End PBXFileReference section */

/* Begin PBXFrameworksBuildPhase section */
		4E4ED3A8207AB61C007E9C0D /* Frameworks */ = {
			isa = PBXFrameworksBuildPhase;
			buildActionMask = 2147483647;
			files = (
			);
			runOnlyForDeploymentPostprocessing = 0;
		};
		4E4ED3BC207AB61C007E9C0D /* Frameworks */ = {
			isa = PBXFrameworksBuildPhase;
			buildActionMask = 2147483647;
			files = (
			);
			runOnlyForDeploymentPostprocessing = 0;
		};
		4E4ED3C7207AB61C007E9C0D /* Frameworks */ = {
			isa = PBXFrameworksBuildPhase;
			buildActionMask = 2147483647;
			files = (
			);
			runOnlyForDeploymentPostprocessing = 0;
		};
/* End PBXFrameworksBuildPhase section */

/* Begin PBXGroup section */
		4E4ED3A2207AB61C007E9C0D = {
			isa = PBXGroup;
			children = (
				4E4ED3AD207AB61C007E9C0D /* Magic8Ball */,
				4E4ED3C2207AB61C007E9C0D /* Magic8BallTests */,
				4E4ED3CD207AB61C007E9C0D /* Magic8BallUITests */,
				4E4ED3AC207AB61C007E9C0D /* Products */,
			);
			sourceTree = "<group>";
		};
		4E4ED3AC207AB61C007E9C0D /* Products */ = {
			isa = PBXGroup;
			children = (
				4E4ED3AB207AB61C007E9C0D /* Magic8Ball.app */,
				4E4ED3BF207AB61C007E9C0D /* Magic8BallTests.xctest */,
				4E4ED3CA207AB61C007E9C0D /* Magic8BallUITests.xctest */,
			);
			name = Products;
			sourceTree = "<group>";
		};
		4E4ED3AD207AB61C007E9C0D /* Magic8Ball */ = {
			isa = PBXGroup;
			children = (
				4E4ED3AE207AB61C007E9C0D /* AppDelegate.swift */,
				4E4ED3B0207AB61C007E9C0D /* ViewController.swift */,
				4E4ED3B2207AB61C007E9C0D /* Main.storyboard */,
				4E4ED3B5207AB61C007E9C0D /* Assets.xcassets */,
				4E4ED3B7207AB61C007E9C0D /* LaunchScreen.storyboard */,
				4E4ED3BA207AB61C007E9C0D /* Info.plist */,
			);
			path = Magic8Ball;
			sourceTree = "<group>";
		};
		4E4ED3C2207AB61C007E9C0D /* Magic8BallTests */ = {
			isa = PBXGroup;
			children = (
				4E4ED3C3207AB61C007E9C0D /* Magic8BallTests.swift */,
				4E4ED3C5207AB61C007E9C0D /* Info.plist */,
			);
			path = Magic8BallTests;
			sourceTree = "<group>";
		};
		4E4ED3CD207AB61C007E9C0D /* Magic8BallUITests */ = {
			isa = PBXGroup;
			children = (
				4E4ED3CE207AB61C007E9C0D /* Magic8BallUITests.swift */,
				4E4ED3D0207AB61C007E9C0D /* Info.plist */,
			);
			path = Magic8BallUITests;
			sourceTree = "<group>";
		};
/* End PBXGroup section */

/* Begin PBXNativeTarget section */
		4E4ED3AA207AB61C007E9C0D /* Magic8Ball */ = {
			isa = PBXNativeTarget;
			buildConfigurationList = 4E4ED3D3207AB61C007E9C0D /* Build configuration list for PBXNativeTarget "Magic8Ball" */;
			buildPhases = (
				4E4ED3A7207AB61C007E9C0D /* Sources */,
				4E4ED3A8207AB61C007E9C0D /* Frameworks */,
				4E4ED3A9207AB61C007E9C0D /* Resources */,
			);
			buildRules = (
			);
			dependencies = (
			);
			name = Magic8Ball;
			productName = Magic8Ball;
			productReference = 4E4ED3AB207AB61C007E9C0D /* Magic8Ball.app */;
			productType = "com.apple.product-type.application";
		};
		4E4ED3BE207AB61C007E9C0D /* Magic8BallTests */ = {
			isa = PBXNativeTarget;
			buildConfigurationList = 4E4ED3D6207AB61C007E9C0D /* Build configuration list for PBXNativeTarget "Magic8BallTests" */;
			buildPhases = (
				4E4ED3BB207AB61C007E9C0D /* Sources */,
				4E4ED3BC207AB61C007E9C0D /* Frameworks */,
				4E4ED3BD207AB61C007E9C0D /* Resources */,
			);
			buildRules = (
			);
			dependencies = (
				4E4ED3C1207AB61C007E9C0D /* PBXTargetDependency */,
			);
			name = Magic8BallTests;
			productName = Magic8BallTests;
			productReference = 4E4ED3BF207AB61C007E9C0D /* Magic8BallTests.xctest */;
			productType = "com.apple.product-type.bundle.unit-test";
		};
		4E4ED3C9207AB61C007E9C0D /* Magic8BallUITests */ = {
			isa = PBXNativeTarget;
			buildConfigurationList = 4E4ED3D9207AB61C007E9C0D /* Build configuration list for PBXNativeTarget "Magic8BallUITests" */;
			buildPhases = (
				4E4ED3C6207AB61C007E9C0D /* Sources */,
				4E4ED3C7207AB61C007E9C0D /* Frameworks */,
				4E4ED3C8207AB61C007E9C0D /* Resources */,
			);
			buildRules = (
			);
			dependencies = (
				4E4ED3CC207AB61C007E9C0D /* PBXTargetDependency */,
			);
			name = Magic8BallUITests;
			productName = Magic8BallUITests;
			productReference = 4E4ED3CA207AB61C007E9C0D /* Magic8BallUITests.xctest */;
			productType = "com.apple.product-type.bundle.ui-testing";
		};
/* End PBXNativeTarget section */

/* Begin PBXProject section */
		4E4ED3A3207AB61C007E9C0D /* Project object */ = {
			isa = PBXProject;
			attributes = {
				LastSwiftUpdateCheck = 0920;
				LastUpgradeCheck = 0920;
				ORGANIZATIONNAME = "Xavier Pladevall";
				TargetAttributes = {
					4E4ED3AA207AB61C007E9C0D = {
						CreatedOnToolsVersion = 9.2;
						ProvisioningStyle = Automatic;
					};
					4E4ED3BE207AB61C007E9C0D = {
						CreatedOnToolsVersion = 9.2;
						ProvisioningStyle = Automatic;
						TestTargetID = 4E4ED3AA207AB61C007E9C0D;
					};
					4E4ED3C9207AB61C007E9C0D = {
						CreatedOnToolsVersion = 9.2;
						ProvisioningStyle = Automatic;
						TestTargetID = 4E4ED3AA207AB61C007E9C0D;
					};
				};
			};
			buildConfigurationList = 4E4ED3A6207AB61C007E9C0D /* Build configuration list for PBXProject "Magic8Ball" */;
			compatibilityVersion = "Xcode 8.0";
			developmentRegion = en;
			hasScannedForEncodings = 0;
			knownRegions = (
				en,
				Base,
			);
			mainGroup = 4E4ED3A2207AB61C007E9C0D;
			productRefGroup = 4E4ED3AC207AB61C007E9C0D /* Products */;
			projectDirPath = "";
			projectRoot = "";
			targets = (
				4E4ED3AA207AB61C007E9C0D /* Magic8Ball */,
				4E4ED3BE207AB61C007E9C0D /* Magic8BallTests */,
				4E4ED3C9207AB61C007E9C0D /* Magic8BallUITests */,
			);
		};
/* End PBXProject section */

/* Begin PBXResourcesBuildPhase section */
		4E4ED3A9207AB61C007E9C0D /* Resources */ = {
			isa = PBXResourcesBuildPhase;
			buildActionMask = 2147483647;
			files = (
				4E4ED3B9207AB61C007E9C0D /* LaunchScreen.storyboard in Resources */,
				4E4ED3B6207AB61C007E9C0D /* Assets.xcassets in Resources */,
				4E4ED3B4207AB61C007E9C0D /* Main.storyboard in Resources */,
			);
			runOnlyForDeploymentPostprocessing = 0;
		};
		4E4ED3BD207AB61C007E9C0D /* Resources */ = {
			isa = PBXResourcesBuildPhase;
			buildActionMask = 2147483647;
			files = (
			);
			runOnlyForDeploymentPostprocessing = 0;
		};
		4E4ED3C8207AB61C007E9C0D /* Resources */ = {
			isa = PBXResourcesBuildPhase;
			buildActionMask = 2147483647;
			files = (
			);
			runOnlyForDeploymentPostprocessing = 0;
		};
/* End PBXResourcesBuildPhase section */

/* Begin PBXSourcesBuildPhase section */
		4E4ED3A7207AB61C007E9C0D /* Sources */ = {
			isa = PBXSourcesBuildPhase;
			buildActionMask = 2147483647;
			files = (
				4E4ED3B1207AB61C007E9C0D /* ViewController.swift in Sources */,
				4E4ED3AF207AB61C007E9C0D /* AppDelegate.swift in Sources */,
			);
			runOnlyForDeploymentPostprocessing = 0;
		};
		4E4ED3BB207AB61C007E9C0D /* Sources */ = {
			isa = PBXSourcesBuildPhase;
			buildActionMask = 2147483647;
			files = (
				4E4ED3C4207AB61C007E9C0D /* Magic8BallTests.swift in Sources */,
			);
			runOnlyForDeploymentPostprocessing = 0;
		};
		4E4ED3C6207AB61C007E9C0D /* Sources */ = {
			isa = PBXSourcesBuildPhase;
			buildActionMask = 2147483647;
			files = (
				4E4ED3CF207AB61C007E9C0D /* Magic8BallUITests.swift in Sources */,
			);
			runOnlyForDeploymentPostprocessing = 0;
		};
/* End PBXSourcesBuildPhase section */

/* Begin PBXTargetDependency section */
		4E4ED3C1207AB61C007E9C0D /* PBXTargetDependency */ = {
			isa = PBXTargetDependency;
			target = 4E4ED3AA207AB61C007E9C0D /* Magic8Ball */;
			targetProxy = 4E4ED3C0207AB61C007E9C0D /* PBXContainerItemProxy */;
		};
		4E4ED3CC207AB61C007E9C0D /* PBXTargetDependency */ = {
			isa = PBXTargetDependency;
			target = 4E4ED3AA207AB61C007E9C0D /* Magic8Ball */;
			targetProxy = 4E4ED3CB207AB61C007E9C0D /* PBXContainerItemProxy */;
		};
/* End PBXTargetDependency section */

/* Begin PBXVariantGroup section */
		4E4ED3B2207AB61C007E9C0D /* Main.storyboard */ = {
			isa = PBXVariantGroup;
			children = (
				4E4ED3B3207AB61C007E9C0D /* Base */,
			);
			name = Main.storyboard;
			sourceTree = "<group>";
		};
		4E4ED3B7207AB61C007E9C0D /* LaunchScreen.storyboard */ = {
			isa = PBXVariantGroup;
			children = (
				4E4ED3B8207AB61C007E9C0D /* Base */,
			);
			name = LaunchScreen.storyboard;
			sourceTree = "<group>";
		};
/* End PBXVariantGroup section */

/* Begin XCBuildConfiguration section */
		4E4ED3D1207AB61C007E9C0D /* Debug */ = {
			isa = XCBuildConfiguration;
			buildSettings = {
				ALWAYS_SEARCH_USER_PATHS = NO;
				CLANG_ANALYZER_NONNULL = YES;
				CLANG_ANALYZER_NUMBER_OBJECT_CONVERSION = YES_AGGRESSIVE;
				CLANG_CXX_LANGUAGE_STANDARD = "gnu++14";
				CLANG_CXX_LIBRARY = "libc++";
				CLANG_ENABLE_MODULES = YES;
				CLANG_ENABLE_OBJC_ARC = YES;
				CLANG_WARN_BLOCK_CAPTURE_AUTORELEASING = YES;
				CLANG_WARN_BOOL_CONVERSION = YES;
				CLANG_WARN_COMMA = YES;
				CLANG_WARN_CONSTANT_CONVERSION = YES;
				CLANG_WARN_DIRECT_OBJC_ISA_USAGE = YES_ERROR;
				CLANG_WARN_DOCUMENTATION_COMMENTS = YES;
				CLANG_WARN_EMPTY_BODY = YES;
				CLANG_WARN_ENUM_CONVERSION = YES;
				CLANG_WARN_INFINITE_RECURSION = YES;
				CLANG_WARN_INT_CONVERSION = YES;
				CLANG_WARN_NON_LITERAL_NULL_CONVERSION = YES;
				CLANG_WARN_OBJC_LITERAL_CONVERSION = YES;
				CLANG_WARN_OBJC_ROOT_CLASS = YES_ERROR;
				CLANG_WARN_RANGE_LOOP_ANALYSIS = YES;
				CLANG_WARN_STRICT_PROTOTYPES = YES;
				CLANG_WARN_SUSPICIOUS_MOVE = YES;
				CLANG_WARN_UNGUARDED_AVAILABILITY = YES_AGGRESSIVE;
				CLANG_WARN_UNREACHABLE_CODE = YES;
				CLANG_WARN__DUPLICATE_METHOD_MATCH = YES;
				CODE_SIGN_IDENTITY = "iPhone Developer";
				COPY_PHASE_STRIP = NO;
				DEBUG_INFORMATION_FORMAT = dwarf;
				ENABLE_STRICT_OBJC_MSGSEND = YES;
				ENABLE_TESTABILITY = YES;
				GCC_C_LANGUAGE_STANDARD = gnu11;
				GCC_DYNAMIC_NO_PIC = NO;
				GCC_NO_COMMON_BLOCKS = YES;
				GCC_OPTIMIZATION_LEVEL = 0;
				GCC_PREPROCESSOR_DEFINITIONS = (
					"DEBUG=1",
					"$(inherited)",
				);
				GCC_WARN_64_TO_32_BIT_CONVERSION = YES;
				GCC_WARN_ABOUT_RETURN_TYPE = YES_ERROR;
				GCC_WARN_UNDECLARED_SELECTOR = YES;
				GCC_WARN_UNINITIALIZED_AUTOS = YES_AGGRESSIVE;
				GCC_WARN_UNUSED_FUNCTION = YES;
				GCC_WARN_UNUSED_VARIABLE = YES;
				IPHONEOS_DEPLOYMENT_TARGET = 11.2;
				MTL_ENABLE_DEBUG_INFO = YES;
				ONLY_ACTIVE_ARCH = YES;
				SDKROOT = iphoneos;
				SWIFT_ACTIVE_COMPILATION_CONDITIONS = DEBUG;
				SWIFT_OPTIMIZATION_LEVEL = "-Onone";
			};
			name = Debug;
		};
		4E4ED3D2207AB61C007E9C0D /* Release */ = {
			isa = XCBuildConfiguration;
			buildSettings = {
				ALWAYS_SEARCH_USER_PATHS = NO;
				CLANG_ANALYZER_NONNULL = YES;
				CLANG_ANALYZER_NUMBER_OBJECT_CONVERSION = YES_AGGRESSIVE;
				CLANG_CXX_LANGUAGE_STANDARD = "gnu++14";
				CLANG_CXX_LIBRARY = "libc++";
				CLANG_ENABLE_MODULES = YES;
				CLANG_ENABLE_OBJC_ARC = YES;
				CLANG_WARN_BLOCK_CAPTURE_AUTORELEASING = YES;
				CLANG_WARN_BOOL_CONVERSION = YES;
				CLANG_WARN_COMMA = YES;
				CLANG_WARN_CONSTANT_CONVERSION = YES;
				CLANG_WARN_DIRECT_OBJC_ISA_USAGE = YES_ERROR;
				CLANG_WARN_DOCUMENTATION_COMMENTS = YES;
				CLANG_WARN_EMPTY_BODY = YES;
				CLANG_WARN_ENUM_CONVERSION = YES;
				CLANG_WARN_INFINITE_RECURSION = YES;
				CLANG_WARN_INT_CONVERSION = YES;
				CLANG_WARN_NON_LITERAL_NULL_CONVERSION = YES;
				CLANG_WARN_OBJC_LITERAL_CONVERSION = YES;
				CLANG_WARN_OBJC_ROOT_CLASS = YES_ERROR;
				CLANG_WARN_RANGE_LOOP_ANALYSIS = YES;
				CLANG_WARN_STRICT_PROTOTYPES = YES;
				CLANG_WARN_SUSPICIOUS_MOVE = YES;
				CLANG_WARN_UNGUARDED_AVAILABILITY = YES_AGGRESSIVE;
				CLANG_WARN_UNREACHABLE_CODE = YES;
				CLANG_WARN__DUPLICATE_METHOD_MATCH = YES;
				CODE_SIGN_IDENTITY = "iPhone Developer";
				COPY_PHASE_STRIP = NO;
				DEBUG_INFORMATION_FORMAT = "dwarf-with-dsym";
				ENABLE_NS_ASSERTIONS = NO;
				ENABLE_STRICT_OBJC_MSGSEND = YES;
				GCC_C_LANGUAGE_STANDARD = gnu11;
				GCC_NO_COMMON_BLOCKS = YES;
				GCC_WARN_64_TO_32_BIT_CONVERSION = YES;
				GCC_WARN_ABOUT_RETURN_TYPE = YES_ERROR;
				GCC_WARN_UNDECLARED_SELECTOR = YES;
				GCC_WARN_UNINITIALIZED_AUTOS = YES_AGGRESSIVE;
				GCC_WARN_UNUSED_FUNCTION = YES;
				GCC_WARN_UNUSED_VARIABLE = YES;
				IPHONEOS_DEPLOYMENT_TARGET = 11.2;
				MTL_ENABLE_DEBUG_INFO = NO;
				SDKROOT = iphoneos;
				SWIFT_OPTIMIZATION_LEVEL = "-Owholemodule";
				VALIDATE_PRODUCT = YES;
			};
			name = Release;
		};
		4E4ED3D4207AB61C007E9C0D /* Debug */ = {
			isa = XCBuildConfiguration;
			buildSettings = {
				ASSETCATALOG_COMPILER_APPICON_NAME = AppIcon;
				CODE_SIGN_STYLE = Automatic;
				INFOPLIST_FILE = Magic8Ball/Info.plist;
				LD_RUNPATH_SEARCH_PATHS = "$(inherited) @executable_path/Frameworks";
				PRODUCT_BUNDLE_IDENTIFIER = com.xavierpladevall.Magic8Ball;
				PRODUCT_NAME = "$(TARGET_NAME)";
				SWIFT_VERSION = 4.0;
				TARGETED_DEVICE_FAMILY = "1,2";
			};
			name = Debug;
		};
		4E4ED3D5207AB61C007E9C0D /* Release */ = {
			isa = XCBuildConfiguration;
			buildSettings = {
				ASSETCATALOG_COMPILER_APPICON_NAME = AppIcon;
				CODE_SIGN_STYLE = Automatic;
				INFOPLIST_FILE = Magic8Ball/Info.plist;
				LD_RUNPATH_SEARCH_PATHS = "$(inherited) @executable_path/Frameworks";
				PRODUCT_BUNDLE_IDENTIFIER = com.xavierpladevall.Magic8Ball;
				PRODUCT_NAME = "$(TARGET_NAME)";
				SWIFT_VERSION = 4.0;
				TARGETED_DEVICE_FAMILY = "1,2";
			};
			name = Release;
		};
		4E4ED3D7207AB61C007E9C0D /* Debug */ = {
			isa = XCBuildConfiguration;
			buildSettings = {
				ALWAYS_EMBED_SWIFT_STANDARD_LIBRARIES = YES;
				BUNDLE_LOADER = "$(TEST_HOST)";
				CODE_SIGN_STYLE = Automatic;
				INFOPLIST_FILE = Magic8BallTests/Info.plist;
				LD_RUNPATH_SEARCH_PATHS = "$(inherited) @executable_path/Frameworks @loader_path/Frameworks";
				PRODUCT_BUNDLE_IDENTIFIER = com.xavierpladevall.Magic8BallTests;
				PRODUCT_NAME = "$(TARGET_NAME)";
				SWIFT_VERSION = 4.0;
				TARGETED_DEVICE_FAMILY = "1,2";
				TEST_HOST = "$(BUILT_PRODUCTS_DIR)/Magic8Ball.app/Magic8Ball";
			};
			name = Debug;
		};
		4E4ED3D8207AB61C007E9C0D /* Release */ = {
			isa = XCBuildConfiguration;
			buildSettings = {
				ALWAYS_EMBED_SWIFT_STANDARD_LIBRARIES = YES;
				BUNDLE_LOADER = "$(TEST_HOST)";
				CODE_SIGN_STYLE = Automatic;
				INFOPLIST_FILE = Magic8BallTests/Info.plist;
				LD_RUNPATH_SEARCH_PATHS = "$(inherited) @executable_path/Frameworks @loader_path/Frameworks";
				PRODUCT_BUNDLE_IDENTIFIER = com.xavierpladevall.Magic8BallTests;
				PRODUCT_NAME = "$(TARGET_NAME)";
				SWIFT_VERSION = 4.0;
				TARGETED_DEVICE_FAMILY = "1,2";
				TEST_HOST = "$(BUILT_PRODUCTS_DIR)/Magic8Ball.app/Magic8Ball";
			};
			name = Release;
		};
		4E4ED3DA207AB61C007E9C0D /* Debug */ = {
			isa = XCBuildConfiguration;
			buildSettings = {
				ALWAYS_EMBED_SWIFT_STANDARD_LIBRARIES = YES;
				CODE_SIGN_STYLE = Automatic;
				INFOPLIST_FILE = Magic8BallUITests/Info.plist;
				LD_RUNPATH_SEARCH_PATHS = "$(inherited) @executable_path/Frameworks @loader_path/Frameworks";
				PRODUCT_BUNDLE_IDENTIFIER = com.xavierpladevall.Magic8BallUITests;
				PRODUCT_NAME = "$(TARGET_NAME)";
				SWIFT_VERSION = 4.0;
				TARGETED_DEVICE_FAMILY = "1,2";
				TEST_TARGET_NAME = Magic8Ball;
			};
			name = Debug;
		};
		4E4ED3DB207AB61C007E9C0D /* Release */ = {
			isa = XCBuildConfiguration;
			buildSettings = {
				ALWAYS_EMBED_SWIFT_STANDARD_LIBRARIES = YES;
				CODE_SIGN_STYLE = Automatic;
				INFOPLIST_FILE = Magic8BallUITests/Info.plist;
				LD_RUNPATH_SEARCH_PATHS = "$(inherited) @executable_path/Frameworks @loader_path/Frameworks";
				PRODUCT_BUNDLE_IDENTIFIER = com.xavierpladevall.Magic8BallUITests;
				PRODUCT_NAME = "$(TARGET_NAME)";
				SWIFT_VERSION = 4.0;
				TARGETED_DEVICE_FAMILY = "1,2";
				TEST_TARGET_NAME = Magic8Ball;
			};
			name = Release;
		};
/* End XCBuildConfiguration section */

/* Begin XCConfigurationList section */
		4E4ED3A6207AB61C007E9C0D /* Build configuration list for PBXProject "Magic8Ball" */ = {
			isa = XCConfigurationList;
			buildConfigurations = (
				4E4ED3D1207AB61C007E9C0D /* Debug */,
				4E4ED3D2207AB61C007E9C0D /* Release */,
			);
			defaultConfigurationIsVisible = 0;
			defaultConfigurationName = Release;
		};
		4E4ED3D3207AB61C007E9C0D /* Build configuration list for PBXNativeTarget "Magic8Ball" */ = {
			isa = XCConfigurationList;
			buildConfigurations = (
				4E4ED3D4207AB61C007E9C0D /* Debug */,
				4E4ED3D5207AB61C007E9C0D /* Release */,
			);
			defaultConfigurationIsVisible = 0;
			defaultConfigurationName = Release;
		};
		4E4ED3D6207AB61C007E9C0D /* Build configuration list for PBXNativeTarget "Magic8BallTests" */ = {
			isa = XCConfigurationList;
			buildConfigurations = (
				4E4ED3D7207AB61C007E9C0D /* Debug */,
				4E4ED3D8207AB61C007E9C0D /* Release */,
			);
			defaultConfigurationIsVisible = 0;
			defaultConfigurationName = Release;
		};
		4E4ED3D9207AB61C007E9C0D /* Build configuration list for PBXNativeTarget "Magic8BallUITests" */ = {
			isa = XCConfigurationList;
			buildConfigurations = (
				4E4ED3DA207AB61C007E9C0D /* Debug */,
				4E4ED3DB207AB61C007E9C0D /* Release */,
			);
			defaultConfigurationIsVisible = 0;
			defaultConfigurationName = Release;
		};
/* End XCConfigurationList section */
	};
	rootObject = 4E4ED3A3207AB61C007E9C0D /* Project object */;
}
